
Microsoft Visual Studio Solution File, Format Version 12.00
# Visual Studio Version 16
VisualStudioVersion = 16.0.31515.178
MinimumVisualStudioVersion = 10.0.40219.1
Project("{9A19103F-16F7-4668-BE54-9A1E7A4F7556}") = "AzureIsolatedFunction", "AzureIsolatedFunction\AzureIsolatedFunction.csproj", "{306F5D5A-5B70-4663-8D89-8AAEACB1E811}"
EndProject
Project("{FAE04EC0-301F-11D3-BF4B-00C04F79EFBC}") = "MassTransitClient", "MassTransitClient\MassTransitClient.csproj", "{DE4C5C95-E2F9-427B-BA73-155AD071F37B}"
EndProject
Project("{FAE04EC0-301F-11D3-BF4B-00C04F79EFBC}") = "Contracts", "Contracts\Contracts.csproj", "{C6488053-F821-49A1-A9A1-11306F04C531}"
EndProject
Global
	GlobalSection(SolutionConfigurationPlatforms) = preSolution
		Debug|Any CPU = Debug|Any CPU
		Release|Any CPU = Release|Any CPU
	EndGlobalSection
	GlobalSection(ProjectConfigurationPlatforms) = postSolution
		{306F5D5A-5B70-4663-8D89-8AAEACB1E811}.Debug|Any CPU.ActiveCfg = Debug|Any CPU
		{306F5D5A-5B70-4663-8D89-8AAEACB1E811}.Debug|Any CPU.Build.0 = Debug|Any CPU
		{306F5D5A-5B70-4663-8D89-8AAEACB1E811}.Release|Any CPU.ActiveCfg = Release|Any CPU
		{306F5D5A-5B70-4663-8D89-8AAEACB1E811}.Release|Any CPU.Build.0 = Release|Any CPU
		{DE4C5C95-E2F9-427B-BA73-155AD071F37B}.Debug|Any CPU.ActiveCfg = Debug|Any CPU
		{DE4C5C95-E2F9-427B-BA73-155AD071F37B}.Debug|Any CPU.Build.0 = Debug|Any CPU
		{DE4C5C95-E2F9-427B-BA73-155AD071F37B}.Release|Any CPU.ActiveCfg = Release|Any CPU
		{DE4C5C95-E2F9-427B-BA73-155AD071F37B}.Release|Any CPU.Build.0 = Release|Any CPU
		{C6488053-F821-49A1-A9A1-11306F04C531}.Debug|Any CPU.ActiveCfg = Debug|Any CPU
		{C6488053-F821-49A1-A9A1-11306F04C531}.Debug|Any CPU.Build.0 = Debug|Any CPU
		{C6488053-F821-49A1-A9A1-11306F04C531}.Release|Any CPU.ActiveCfg = Release|Any CPU
		{C6488053-F821-49A1-A9A1-11306F04C531}.Release|Any CPU.Build.0 = Release|Any CPU
	EndGlobalSection
	GlobalSection(SolutionProperties) = preSolution
		HideSolutionNode = FALSE
	EndGlobalSection
	GlobalSection(ExtensibilityGlobals) = postSolution
		SolutionGuid = {DF5817A0-5608-48F8-BFF5-FFE94C68398E}
	EndGlobalSection
EndGlobal
